
Microsoft Visual Studio Solution File, Format Version 12.00
Project("{FAE04EC0-301F-11D3-BF4B-00C04F79EFBC}") = "core-webapp-perfmon", "core-webapp-perfmon\core-webapp-perfmon.csproj", "{BCEAD175-635E-4511-8321-876E006631AB}"
EndProject
Global
	GlobalSection(SolutionConfigurationPlatforms) = preSolution
		Debug|Any CPU = Debug|Any CPU
		Release|Any CPU = Release|Any CPU
	EndGlobalSection
	GlobalSection(ProjectConfigurationPlatforms) = postSolution
		{BCEAD175-635E-4511-8321-876E006631AB}.Debug|Any CPU.ActiveCfg = Debug|Any CPU
		{BCEAD175-635E-4511-8321-876E006631AB}.Debug|Any CPU.Build.0 = Debug|Any CPU
		{BCEAD175-635E-4511-8321-876E006631AB}.Release|Any CPU.ActiveCfg = Release|Any CPU
		{BCEAD175-635E-4511-8321-876E006631AB}.Release|Any CPU.Build.0 = Release|Any CPU
	EndGlobalSection
EndGlobal
